
Microsoft Visual Studio Solution File, Format Version 12.00
# Visual Studio Version 17
VisualStudioVersion = 17.3.32819.101
MinimumVisualStudioVersion = 10.0.40219.1
Project("{FAE04EC0-301F-11D3-BF4B-00C04F79EFBC}") = "SplitStrings", "SplitStrings\SplitStrings.csproj", "{74B9E8B4-108A-4BEA-8FEC-8535A9BF30CD}"
EndProject
Global
	GlobalSection(SolutionConfigurationPlatforms) = preSolution
		Debug|Any CPU = Debug|Any CPU
		Release|Any CPU = Release|Any CPU
	EndGlobalSection
	GlobalSection(ProjectConfigurationPlatforms) = postSolution
		{74B9E8B4-108A-4BEA-8FEC-8535A9BF30CD}.Debug|Any CPU.ActiveCfg = Debug|Any CPU
		{74B9E8B4-108A-4BEA-8FEC-8535A9BF30CD}.Debug|Any CPU.Build.0 = Debug|Any CPU
		{74B9E8B4-108A-4BEA-8FEC-8535A9BF30CD}.Release|Any CPU.ActiveCfg = Release|Any CPU
		{74B9E8B4-108A-4BEA-8FEC-8535A9BF30CD}.Release|Any CPU.Build.0 = Release|Any CPU
	EndGlobalSection
	GlobalSection(SolutionProperties) = preSolution
		HideSolutionNode = FALSE
	EndGlobalSection
	GlobalSection(ExtensibilityGlobals) = postSolution
		SolutionGuid = {0049BC8A-E0EE-4C43-BFA1-DAF25DC8EBDD}
	EndGlobalSection
EndGlobal
